
Microsoft Visual Studio Solution File, Format Version 12.00
# Visual Studio 14
VisualStudioVersion = 14.0.25420.1
MinimumVisualStudioVersion = 10.0.40219.1
Project("{2150E333-8FDC-42A3-9474-1A3956D46DE8}") = "src", "src", "{61053DFA-677E-4DB9-8E88-A7D8BBE8811C}"
EndProject
Project("{2150E333-8FDC-42A3-9474-1A3956D46DE8}") = "Solution Items", "Solution Items", "{CA6BADA1-6BE3-4D78-B730-8AE127016F2C}"
	ProjectSection(SolutionItems) = preProject
		global.json = global.json
	EndProjectSection
EndProject
Project("{8BB2217D-0F2D-49D1-97BC-3654ED321F3B}") = "Fme.Core.Dal", "src\Fme.Core.Dal\Fme.Core.Dal.xproj", "{FE75670A-1C4E-4880-BCD2-87E42056E8B1}"
EndProject
Project("{2150E333-8FDC-42A3-9474-1A3956D46DE8}") = "test", "test", "{383BE111-0357-4B70-A6BE-6D444C738B14}"
EndProject
Project("{8BB2217D-0F2D-49D1-97BC-3654ED321F3B}") = "Fme.Core.Domain", "src\Fme.Core.Domain\Fme.Core.Domain.xproj", "{1726E0C4-35D7-4372-BC97-987B8BCDFB57}"
EndProject
Project("{8BB2217D-0F2D-49D1-97BC-3654ED321F3B}") = "Fme.Core.WebNet", "src\Fme.Core.WebNet\Fme.Core.WebNet.xproj", "{AECAD124-91C7-4B24-B36E-50B60D99079E}"
EndProject
Project("{8BB2217D-0F2D-49D1-97BC-3654ED321F3B}") = "Fme.Core.Web", "Fme.Core.Web\Fme.Core.Web.xproj", "{D20DA4F0-6E16-40F5-A2E5-3BC488EE7CE9}"
EndProject
Global
	GlobalSection(SolutionConfigurationPlatforms) = preSolution
		Debug|Any CPU = Debug|Any CPU
		Release|Any CPU = Release|Any CPU
	EndGlobalSection
	GlobalSection(ProjectConfigurationPlatforms) = postSolution
		{FE75670A-1C4E-4880-BCD2-87E42056E8B1}.Debug|Any CPU.ActiveCfg = Debug|Any CPU
		{FE75670A-1C4E-4880-BCD2-87E42056E8B1}.Debug|Any CPU.Build.0 = Debug|Any CPU
		{FE75670A-1C4E-4880-BCD2-87E42056E8B1}.Release|Any CPU.ActiveCfg = Release|Any CPU
		{FE75670A-1C4E-4880-BCD2-87E42056E8B1}.Release|Any CPU.Build.0 = Release|Any CPU
		{1726E0C4-35D7-4372-BC97-987B8BCDFB57}.Debug|Any CPU.ActiveCfg = Debug|Any CPU
		{1726E0C4-35D7-4372-BC97-987B8BCDFB57}.Debug|Any CPU.Build.0 = Debug|Any CPU
		{1726E0C4-35D7-4372-BC97-987B8BCDFB57}.Release|Any CPU.ActiveCfg = Release|Any CPU
		{1726E0C4-35D7-4372-BC97-987B8BCDFB57}.Release|Any CPU.Build.0 = Release|Any CPU
		{AECAD124-91C7-4B24-B36E-50B60D99079E}.Debug|Any CPU.ActiveCfg = Debug|Any CPU
		{AECAD124-91C7-4B24-B36E-50B60D99079E}.Debug|Any CPU.Build.0 = Debug|Any CPU
		{AECAD124-91C7-4B24-B36E-50B60D99079E}.Release|Any CPU.ActiveCfg = Release|Any CPU
		{AECAD124-91C7-4B24-B36E-50B60D99079E}.Release|Any CPU.Build.0 = Release|Any CPU
		{D20DA4F0-6E16-40F5-A2E5-3BC488EE7CE9}.Debug|Any CPU.ActiveCfg = Debug|Any CPU
		{D20DA4F0-6E16-40F5-A2E5-3BC488EE7CE9}.Debug|Any CPU.Build.0 = Debug|Any CPU
		{D20DA4F0-6E16-40F5-A2E5-3BC488EE7CE9}.Release|Any CPU.ActiveCfg = Release|Any CPU
		{D20DA4F0-6E16-40F5-A2E5-3BC488EE7CE9}.Release|Any CPU.Build.0 = Release|Any CPU
	EndGlobalSection
	GlobalSection(SolutionProperties) = preSolution
		HideSolutionNode = FALSE
	EndGlobalSection
	GlobalSection(NestedProjects) = preSolution
		{FE75670A-1C4E-4880-BCD2-87E42056E8B1} = {61053DFA-677E-4DB9-8E88-A7D8BBE8811C}
		{1726E0C4-35D7-4372-BC97-987B8BCDFB57} = {61053DFA-677E-4DB9-8E88-A7D8BBE8811C}
		{AECAD124-91C7-4B24-B36E-50B60D99079E} = {61053DFA-677E-4DB9-8E88-A7D8BBE8811C}
		{D20DA4F0-6E16-40F5-A2E5-3BC488EE7CE9} = {61053DFA-677E-4DB9-8E88-A7D8BBE8811C}
	EndGlobalSection
EndGlobal
